
Microsoft Visual Studio Solution File, Format Version 12.00
# Visual Studio Version 17
VisualStudioVersion = 17.3.32929.385
MinimumVisualStudioVersion = 10.0.40219.1
Project("{FAE04EC0-301F-11D3-BF4B-00C04F79EFBC}") = "MariaDBNaturalSortExtension", "MariaDBNaturalSortExtension.csproj", "{5704896D-D09E-4678-B059-2B684E435EFB}"
EndProject
Global
	GlobalSection(SolutionConfigurationPlatforms) = preSolution
		Debug|Any CPU = Debug|Any CPU
		Release|Any CPU = Release|Any CPU
	EndGlobalSection
	GlobalSection(ProjectConfigurationPlatforms) = postSolution
		{5704896D-D09E-4678-B059-2B684E435EFB}.Debug|Any CPU.ActiveCfg = Debug|Any CPU
		{5704896D-D09E-4678-B059-2B684E435EFB}.Debug|Any CPU.Build.0 = Debug|Any CPU
		{5704896D-D09E-4678-B059-2B684E435EFB}.Release|Any CPU.ActiveCfg = Release|Any CPU
		{5704896D-D09E-4678-B059-2B684E435EFB}.Release|Any CPU.Build.0 = Release|Any CPU
	EndGlobalSection
	GlobalSection(SolutionProperties) = preSolution
		HideSolutionNode = FALSE
	EndGlobalSection
	GlobalSection(ExtensibilityGlobals) = postSolution
		SolutionGuid = {3B3545B5-3FD5-478F-AAB5-F7DDE839FF87}
	EndGlobalSection
EndGlobal
